
Microsoft Visual Studio Solution File, Format Version 12.00
# Visual Studio 15
Project("{FAE04EC0-301F-11D3-BF4B-00C04F79EFBC}") = "PhotonChat", "PhotonChat.csproj", "{17C5DC2A-C628-1005-152E-D2AAF4018D92}"
EndProject
Project("{FAE04EC0-301F-11D3-BF4B-00C04F79EFBC}") = "PhotonRealtime", "PhotonRealtime.csproj", "{8D4DC74A-F927-C540-A9FE-C6D9C6F18D4D}"
EndProject
Project("{FAE04EC0-301F-11D3-BF4B-00C04F79EFBC}") = "Assembly-CSharp", "Assembly-CSharp.csproj", "{A3B83D43-D2A6-538D-AC61-7098A89D6951}"
EndProject
Project("{FAE04EC0-301F-11D3-BF4B-00C04F79EFBC}") = "PhotonUnityNetworking.Editor", "PhotonUnityNetworking.Editor.csproj", "{ED770C0D-69FA-B9BC-8E1D-82074CF46657}"
EndProject
Project("{FAE04EC0-301F-11D3-BF4B-00C04F79EFBC}") = "PhotonUnityNetworking", "PhotonUnityNetworking.csproj", "{FD41F973-BE76-5E5E-8A92-B9E260979849}"
EndProject
Project("{FAE04EC0-301F-11D3-BF4B-00C04F79EFBC}") = "PhotonUnityNetworking.Utilities.PhotonPlayer.Editor", "PhotonUnityNetworking.Utilities.PhotonPlayer.Editor.csproj", "{A078F0B8-36E1-7398-43DC-2DC5DBF52114}"
EndProject
Project("{FAE04EC0-301F-11D3-BF4B-00C04F79EFBC}") = "PhotonUnityNetworking.Utilities", "PhotonUnityNetworking.Utilities.csproj", "{44F85A52-CEDD-23CB-FCD9-6CAEE33F6A6D}"
EndProject
Project("{FAE04EC0-301F-11D3-BF4B-00C04F79EFBC}") = "PhotonUnityNetworking.Utilities.Culling.Editor", "PhotonUnityNetworking.Utilities.Culling.Editor.csproj", "{9E38E22D-3D0F-1884-7ED0-984CE147BFA0}"
EndProject
Global
	GlobalSection(SolutionConfigurationPlatforms) = preSolution
		Debug|Any CPU = Debug|Any CPU
		Release|Any CPU = Release|Any CPU
	EndGlobalSection
	GlobalSection(ProjectConfigurationPlatforms) = postSolution
		{17C5DC2A-C628-1005-152E-D2AAF4018D92}.Debug|Any CPU.ActiveCfg = Debug|Any CPU
		{17C5DC2A-C628-1005-152E-D2AAF4018D92}.Debug|Any CPU.Build.0 = Debug|Any CPU
		{17C5DC2A-C628-1005-152E-D2AAF4018D92}.Release|Any CPU.ActiveCfg = Release|Any CPU
		{17C5DC2A-C628-1005-152E-D2AAF4018D92}.Release|Any CPU.Build.0 = Release|Any CPU
		{8D4DC74A-F927-C540-A9FE-C6D9C6F18D4D}.Debug|Any CPU.ActiveCfg = Debug|Any CPU
		{8D4DC74A-F927-C540-A9FE-C6D9C6F18D4D}.Debug|Any CPU.Build.0 = Debug|Any CPU
		{8D4DC74A-F927-C540-A9FE-C6D9C6F18D4D}.Release|Any CPU.ActiveCfg = Release|Any CPU
		{8D4DC74A-F927-C540-A9FE-C6D9C6F18D4D}.Release|Any CPU.Build.0 = Release|Any CPU
		{A3B83D43-D2A6-538D-AC61-7098A89D6951}.Debug|Any CPU.ActiveCfg = Debug|Any CPU
		{A3B83D43-D2A6-538D-AC61-7098A89D6951}.Debug|Any CPU.Build.0 = Debug|Any CPU
		{A3B83D43-D2A6-538D-AC61-7098A89D6951}.Release|Any CPU.ActiveCfg = Release|Any CPU
		{A3B83D43-D2A6-538D-AC61-7098A89D6951}.Release|Any CPU.Build.0 = Release|Any CPU
		{ED770C0D-69FA-B9BC-8E1D-82074CF46657}.Debug|Any CPU.ActiveCfg = Debug|Any CPU
		{ED770C0D-69FA-B9BC-8E1D-82074CF46657}.Debug|Any CPU.Build.0 = Debug|Any CPU
		{ED770C0D-69FA-B9BC-8E1D-82074CF46657}.Release|Any CPU.ActiveCfg = Release|Any CPU
		{ED770C0D-69FA-B9BC-8E1D-82074CF46657}.Release|Any CPU.Build.0 = Release|Any CPU
		{FD41F973-BE76-5E5E-8A92-B9E260979849}.Debug|Any CPU.ActiveCfg = Debug|Any CPU
		{FD41F973-BE76-5E5E-8A92-B9E260979849}.Debug|Any CPU.Build.0 = Debug|Any CPU
		{FD41F973-BE76-5E5E-8A92-B9E260979849}.Release|Any CPU.ActiveCfg = Release|Any CPU
		{FD41F973-BE76-5E5E-8A92-B9E260979849}.Release|Any CPU.Build.0 = Release|Any CPU
		{A078F0B8-36E1-7398-43DC-2DC5DBF52114}.Debug|Any CPU.ActiveCfg = Debug|Any CPU
		{A078F0B8-36E1-7398-43DC-2DC5DBF52114}.Debug|Any CPU.Build.0 = Debug|Any CPU
		{A078F0B8-36E1-7398-43DC-2DC5DBF52114}.Release|Any CPU.ActiveCfg = Release|Any CPU
		{A078F0B8-36E1-7398-43DC-2DC5DBF52114}.Release|Any CPU.Build.0 = Release|Any CPU
		{44F85A52-CEDD-23CB-FCD9-6CAEE33F6A6D}.Debug|Any CPU.ActiveCfg = Debug|Any CPU
		{44F85A52-CEDD-23CB-FCD9-6CAEE33F6A6D}.Debug|Any CPU.Build.0 = Debug|Any CPU
		{44F85A52-CEDD-23CB-FCD9-6CAEE33F6A6D}.Release|Any CPU.ActiveCfg = Release|Any CPU
		{44F85A52-CEDD-23CB-FCD9-6CAEE33F6A6D}.Release|Any CPU.Build.0 = Release|Any CPU
		{9E38E22D-3D0F-1884-7ED0-984CE147BFA0}.Debug|Any CPU.ActiveCfg = Debug|Any CPU
		{9E38E22D-3D0F-1884-7ED0-984CE147BFA0}.Debug|Any CPU.Build.0 = Debug|Any CPU
		{9E38E22D-3D0F-1884-7ED0-984CE147BFA0}.Release|Any CPU.ActiveCfg = Release|Any CPU
		{9E38E22D-3D0F-1884-7ED0-984CE147BFA0}.Release|Any CPU.Build.0 = Release|Any CPU
	EndGlobalSection
	GlobalSection(SolutionProperties) = preSolution
		HideSolutionNode = FALSE
	EndGlobalSection
EndGlobal
